
Microsoft Visual Studio Solution File, Format Version 12.00
# Visual Studio Version 16
VisualStudioVersion = 16.0.29806.167
MinimumVisualStudioVersion = 10.0.40219.1
Project("{8BC9CEB8-8B4A-11D0-8D11-00A0C91BC942}") = "vector", "vector.vcxproj", "{4BEDF353-866E-42AB-BF65-4B8897DE0352}"
EndProject
Project("{8BC9CEB8-8B4A-11D0-8D11-00A0C91BC942}") = "VectorTests", "..\VectorTests\VectorTests.vcxproj", "{E52BCB62-CF26-45C8-BB8B-DA9A19F8F958}"
EndProject
Global
	GlobalSection(SolutionConfigurationPlatforms) = preSolution
		Debug|x64 = Debug|x64
		Debug|x86 = Debug|x86
		Release|x64 = Release|x64
		Release|x86 = Release|x86
	EndGlobalSection
	GlobalSection(ProjectConfigurationPlatforms) = postSolution
		{4BEDF353-866E-42AB-BF65-4B8897DE0352}.Debug|x64.ActiveCfg = Debug|x64
		{4BEDF353-866E-42AB-BF65-4B8897DE0352}.Debug|x64.Build.0 = Debug|x64
		{4BEDF353-866E-42AB-BF65-4B8897DE0352}.Debug|x86.ActiveCfg = Debug|Win32
		{4BEDF353-866E-42AB-BF65-4B8897DE0352}.Debug|x86.Build.0 = Debug|Win32
		{4BEDF353-866E-42AB-BF65-4B8897DE0352}.Release|x64.ActiveCfg = Release|x64
		{4BEDF353-866E-42AB-BF65-4B8897DE0352}.Release|x64.Build.0 = Release|x64
		{4BEDF353-866E-42AB-BF65-4B8897DE0352}.Release|x86.ActiveCfg = Release|Win32
		{4BEDF353-866E-42AB-BF65-4B8897DE0352}.Release|x86.Build.0 = Release|Win32
		{E52BCB62-CF26-45C8-BB8B-DA9A19F8F958}.Debug|x64.ActiveCfg = Debug|x64
		{E52BCB62-CF26-45C8-BB8B-DA9A19F8F958}.Debug|x64.Build.0 = Debug|x64
		{E52BCB62-CF26-45C8-BB8B-DA9A19F8F958}.Debug|x86.ActiveCfg = Debug|Win32
		{E52BCB62-CF26-45C8-BB8B-DA9A19F8F958}.Debug|x86.Build.0 = Debug|Win32
		{E52BCB62-CF26-45C8-BB8B-DA9A19F8F958}.Release|x64.ActiveCfg = Release|x64
		{E52BCB62-CF26-45C8-BB8B-DA9A19F8F958}.Release|x64.Build.0 = Release|x64
		{E52BCB62-CF26-45C8-BB8B-DA9A19F8F958}.Release|x86.ActiveCfg = Release|Win32
		{E52BCB62-CF26-45C8-BB8B-DA9A19F8F958}.Release|x86.Build.0 = Release|Win32
	EndGlobalSection
	GlobalSection(SolutionProperties) = preSolution
		HideSolutionNode = FALSE
	EndGlobalSection
	GlobalSection(ExtensibilityGlobals) = postSolution
		SolutionGuid = {0DECA320-8AB1-40C1-8A06-C7D418A83032}
	EndGlobalSection
EndGlobal
